
Microsoft Visual Studio Solution File, Format Version 12.00
# Visual Studio Version 16
VisualStudioVersion = 16.0.29215.179
MinimumVisualStudioVersion = 10.0.40219.1
Project("{9A19103F-16F7-4668-BE54-9A1E7A4F7556}") = "CommunicationCore", "CommunicationCore\CommunicationCore.csproj", "{BA6CFEC0-2B6E-4E03-BD87-94034272EE33}"
EndProject
Project("{9A19103F-16F7-4668-BE54-9A1E7A4F7556}") = "WebSocketManager", "WebSocketManager\WebSocketManager.csproj", "{D6E522DF-A460-4912-8DAB-21850FC59455}"
EndProject
Project("{9A19103F-16F7-4668-BE54-9A1E7A4F7556}") = "WebSocketManager.Common", "WebSocketManager.Common\WebSocketManager.Common.csproj", "{B13CA519-9B56-4792-81B4-3FC80351A46E}"
EndProject
Global
	GlobalSection(SolutionConfigurationPlatforms) = preSolution
		Debug|Any CPU = Debug|Any CPU
		Release|Any CPU = Release|Any CPU
	EndGlobalSection
	GlobalSection(ProjectConfigurationPlatforms) = postSolution
		{BA6CFEC0-2B6E-4E03-BD87-94034272EE33}.Debug|Any CPU.ActiveCfg = Debug|Any CPU
		{BA6CFEC0-2B6E-4E03-BD87-94034272EE33}.Debug|Any CPU.Build.0 = Debug|Any CPU
		{BA6CFEC0-2B6E-4E03-BD87-94034272EE33}.Release|Any CPU.ActiveCfg = Release|Any CPU
		{BA6CFEC0-2B6E-4E03-BD87-94034272EE33}.Release|Any CPU.Build.0 = Release|Any CPU
		{D6E522DF-A460-4912-8DAB-21850FC59455}.Debug|Any CPU.ActiveCfg = Debug|Any CPU
		{D6E522DF-A460-4912-8DAB-21850FC59455}.Debug|Any CPU.Build.0 = Debug|Any CPU
		{D6E522DF-A460-4912-8DAB-21850FC59455}.Release|Any CPU.ActiveCfg = Release|Any CPU
		{D6E522DF-A460-4912-8DAB-21850FC59455}.Release|Any CPU.Build.0 = Release|Any CPU
		{B13CA519-9B56-4792-81B4-3FC80351A46E}.Debug|Any CPU.ActiveCfg = Debug|Any CPU
		{B13CA519-9B56-4792-81B4-3FC80351A46E}.Debug|Any CPU.Build.0 = Debug|Any CPU
		{B13CA519-9B56-4792-81B4-3FC80351A46E}.Release|Any CPU.ActiveCfg = Release|Any CPU
		{B13CA519-9B56-4792-81B4-3FC80351A46E}.Release|Any CPU.Build.0 = Release|Any CPU
	EndGlobalSection
	GlobalSection(SolutionProperties) = preSolution
		HideSolutionNode = FALSE
	EndGlobalSection
	GlobalSection(ExtensibilityGlobals) = postSolution
		SolutionGuid = {25E90153-0ED8-42EE-8655-23671EB14224}
	EndGlobalSection
EndGlobal
